Microsoft Visual Studio Solution File, Format Version 12.00
# Visual Studio Version 17
VisualStudioVersion = 17.0.31903.59
MinimumVisualStudioVersion = 10.0.40219.1
Project("{FAE04EC0-301F-11D3-BF4B-00C04F79EFBC}") = "OSLogger", "OSLogger\OSLogger.csproj", "{F6BAD688-1394-423B-A007-237F842D4628}"
EndProject
Project("{FAE04EC0-301F-11D3-BF4B-00C04F79EFBC}") = "OSLoggerTest", "OSLoggerTest\OSLoggerTest.csproj", "{9E161C90-1AFA-4E48-A721-B8099F084C3D}"
EndProject
Global
	GlobalSection(SolutionConfigurationPlatforms) = preSolution
		Debug|Any CPU = Debug|Any CPU
		Release|Any CPU = Release|Any CPU
	EndGlobalSection
	GlobalSection(ProjectConfigurationPlatforms) = postSolution
		{F6BAD688-1394-423B-A007-237F842D4628}.Debug|Any CPU.ActiveCfg = Debug|Any CPU
		{F6BAD688-1394-423B-A007-237F842D4628}.Debug|Any CPU.Build.0 = Debug|Any CPU
		{F6BAD688-1394-423B-A007-237F842D4628}.Release|Any CPU.ActiveCfg = Release|Any CPU
		{F6BAD688-1394-423B-A007-237F842D4628}.Release|Any CPU.Build.0 = Release|Any CPU
		{9E161C90-1AFA-4E48-A721-B8099F084C3D}.Debug|Any CPU.ActiveCfg = Debug|Any CPU
		{9E161C90-1AFA-4E48-A721-B8099F084C3D}.Debug|Any CPU.Build.0 = Debug|Any CPU
		{9E161C90-1AFA-4E48-A721-B8099F084C3D}.Release|Any CPU.ActiveCfg = Release|Any CPU
		{9E161C90-1AFA-4E48-A721-B8099F084C3D}.Release|Any CPU.Build.0 = Release|Any CPU
	EndGlobalSection
	GlobalSection(SolutionProperties) = preSolution
		HideSolutionNode = FALSE
	EndGlobalSection
EndGlobal
